
Microsoft Visual Studio Solution File, Format Version 12.00
# Visual Studio Version 17
VisualStudioVersion = 17.4.33110.190
MinimumVisualStudioVersion = 10.0.40219.1
Project("{FAE04EC0-301F-11D3-BF4B-00C04F79EFBC}") = "BackProV1.1", "BackProV1.1\BackProV1.1.csproj", "{C2ADA458-14EF-4E37-817A-19709048522C}"
EndProject
Global
	GlobalSection(SolutionConfigurationPlatforms) = preSolution
		Debug|Any CPU = Debug|Any CPU
		Release|Any CPU = Release|Any CPU
	EndGlobalSection
	GlobalSection(ProjectConfigurationPlatforms) = postSolution
		{C2ADA458-14EF-4E37-817A-19709048522C}.Debug|Any CPU.ActiveCfg = Debug|Any CPU
		{C2ADA458-14EF-4E37-817A-19709048522C}.Debug|Any CPU.Build.0 = Debug|Any CPU
		{C2ADA458-14EF-4E37-817A-19709048522C}.Release|Any CPU.ActiveCfg = Release|Any CPU
		{C2ADA458-14EF-4E37-817A-19709048522C}.Release|Any CPU.Build.0 = Release|Any CPU
	EndGlobalSection
	GlobalSection(SolutionProperties) = preSolution
		HideSolutionNode = FALSE
	EndGlobalSection
	GlobalSection(ExtensibilityGlobals) = postSolution
		SolutionGuid = {807088BC-3674-4FB8-897B-BE2147C5B660}
	EndGlobalSection
EndGlobal
